
Microsoft Visual Studio Solution File, Format Version 12.00
# Visual Studio Version 16
VisualStudioVersion = 16.0.31729.503
MinimumVisualStudioVersion = 10.0.40219.1
Project("{9A19103F-16F7-4668-BE54-9A1E7A4F7556}") = "UI", "UI\UI.csproj", "{447C7CDF-64B8-4CCA-8A03-B7D5465760E6}"
EndProject
Global
	GlobalSection(SolutionConfigurationPlatforms) = preSolution
		Debug|Any CPU = Debug|Any CPU
		Release|Any CPU = Release|Any CPU
	EndGlobalSection
	GlobalSection(ProjectConfigurationPlatforms) = postSolution
		{447C7CDF-64B8-4CCA-8A03-B7D5465760E6}.Debug|Any CPU.ActiveCfg = Debug|Any CPU
		{447C7CDF-64B8-4CCA-8A03-B7D5465760E6}.Debug|Any CPU.Build.0 = Debug|Any CPU
		{447C7CDF-64B8-4CCA-8A03-B7D5465760E6}.Release|Any CPU.ActiveCfg = Release|Any CPU
		{447C7CDF-64B8-4CCA-8A03-B7D5465760E6}.Release|Any CPU.Build.0 = Release|Any CPU
	EndGlobalSection
	GlobalSection(SolutionProperties) = preSolution
		HideSolutionNode = FALSE
	EndGlobalSection
	GlobalSection(ExtensibilityGlobals) = postSolution
		SolutionGuid = {07EDA413-A164-4085-86B5-1D2E93ECB1A6}
	EndGlobalSection
EndGlobal
